version = 1
requires-python = ">=3.13"

[[package]]
name = "asgiref"
version = "3.9.1"
source = { registry = "https://pypi.org/simple" }
sdist = { url = "https://files.pythonhosted.org/packages/90/61/0aa957eec22ff70b830b22ff91f825e70e1ef732c06666a805730f28b36b/asgiref-3.9.1.tar.gz", hash = "sha256:a5ab6582236218e5ef1648f242fd9f10626cfd4de8dc377db215d5d5098e3142", size = 36870 }
wheels = [
    { url = "https://files.pythonhosted.org/packages/7c/3c/0464dcada90d5da0e71018c04a140ad6349558afb30b3051b4264cc5b965/asgiref-3.9.1-py3-none-any.whl", hash = "sha256:f3bba7092a48005b5f5bacd747d36ee4a5a61f4a269a6df590b43144355ebd2c", size = 23790 },
]

[[package]]
name = "certifi"
version = "2025.7.14"
source = { registry = "https://pypi.org/simple" }
sdist = { url = "https://files.pythonhosted.org/packages/b3/76/52c535bcebe74590f296d6c77c86dabf761c41980e1347a2422e4aa2ae41/certifi-2025.7.14.tar.gz", hash = "sha256:8ea99dbdfaaf2ba2f9bac77b9249ef62ec5218e7c2b2e903378ed5fccf765995", size = 163981 }
wheels = [
    { url = "https://files.pythonhosted.org/packages/4f/52/34c6cf5bb9285074dc3531c437b3919e825d976fde097a7a73f79e726d03/certifi-2025.7.14-py3-none-any.whl", hash = "sha256:6b31f564a415d79ee77df69d757bb49a5bb53bd9f756cbbe24394ffd6fc1f4b2", size = 162722 },
]

[[package]]
name = "charset-normalizer"
version = "3.4.2"
source = { registry = "https://pypi.org/simple" }
sdist = { url = "https://files.pythonhosted.org/packages/e4/33/89c2ced2b67d1c2a61c19c6751aa8902d46ce3dacb23600a283619f5a12d/charset_normalizer-3.4.2.tar.gz", hash = "sha256:5baececa9ecba31eff645232d59845c07aa030f0c81ee70184a90d35099a0e63", size = 126367 }
wheels = [
    { url = "https://files.pythonhosted.org/packages/ea/12/a93df3366ed32db1d907d7593a94f1fe6293903e3e92967bebd6950ed12c/charset_normalizer-3.4.2-cp313-cp313-macosx_10_13_universal2.whl", hash = "sha256:926ca93accd5d36ccdabd803392ddc3e03e6d4cd1cf17deff3b989ab8e9dbcf0", size = 199622 },
    { url = "https://files.pythonhosted.org/packages/04/93/bf204e6f344c39d9937d3c13c8cd5bbfc266472e51fc8c07cb7f64fcd2de/charset_normalizer-3.4.2-cp313-cp313-manylinux_2_17_aarch64.manylinux2014_aarch64.whl", hash = "sha256:eba9904b0f38a143592d9fc0e19e2df0fa2e41c3c3745554761c5f6447eedabf", size = 143435 },
    { url = "https://files.pythonhosted.org/packages/22/2a/ea8a2095b0bafa6c5b5a55ffdc2f924455233ee7b91c69b7edfcc9e02284/charset_normalizer-3.4.2-cp313-cp313-manylinux_2_17_ppc64le.manylinux2014_ppc64le.whl", hash = "sha256:3fddb7e2c84ac87ac3a947cb4e66d143ca5863ef48e4a5ecb83bd48619e4634e", size = 153653 },
    { url = "https://files.pythonhosted.org/packages/b6/57/1b090ff183d13cef485dfbe272e2fe57622a76694061353c59da52c9a659/charset_normalizer-3.4.2-cp313-cp313-manylinux_2_17_s390x.manylinux2014_s390x.whl", hash = "sha256:98f862da73774290f251b9df8d11161b6cf25b599a66baf087c1ffe340e9bfd1", size = 146231 },
    { url = "https://files.pythonhosted.org/packages/e2/28/ffc026b26f441fc67bd21ab7f03b313ab3fe46714a14b516f931abe1a2d8/charset_normalizer-3.4.2-cp313-cp313-manylinux_2_17_x86_64.manylinux2014_x86_64.whl", hash = "sha256:6c9379d65defcab82d07b2a9dfbfc2e95bc8fe0ebb1b176a3190230a3ef0e07c", size = 148243 },
    { url = "https://files.pythonhosted.org/packages/c0/0f/9abe9bd191629c33e69e47c6ef45ef99773320e9ad8e9cb08b8ab4a8d4cb/charset_normalizer-3.4.2-cp313-cp313-manylinux_2_5_i686.manylinux1_i686.manylinux_2_17_i686.manylinux2014_i686.whl", hash = "sha256:e635b87f01ebc977342e2697d05b56632f5f879a4f15955dfe8cef2448b51691", size = 150442 },
    { url = "https://files.pythonhosted.org/packages/67/7c/a123bbcedca91d5916c056407f89a7f5e8fdfce12ba825d7d6b9954a1a3c/charset_normalizer-3.4.2-cp313-cp313-musllinux_1_2_aarch64.whl", hash = "sha256:1c95a1e2902a8b722868587c0e1184ad5c55631de5afc0eb96bc4b0d738092c0", size = 145147 },
    { url = "https://files.pythonhosted.org/packages/ec/fe/1ac556fa4899d967b83e9893788e86b6af4d83e4726511eaaad035e36595/charset_normalizer-3.4.2-cp313-cp313-musllinux_1_2_i686.whl", hash = "sha256:ef8de666d6179b009dce7bcb2ad4c4a779f113f12caf8dc77f0162c29d20490b", size = 153057 },
    { url = "https://files.pythonhosted.org/packages/2b/ff/acfc0b0a70b19e3e54febdd5301a98b72fa07635e56f24f60502e954c461/charset_normalizer-3.4.2-cp313-cp313-musllinux_1_2_ppc64le.whl", hash = "sha256:32fc0341d72e0f73f80acb0a2c94216bd704f4f0bce10aedea38f30502b271ff", size = 156454 },
    { url = "https://files.pythonhosted.org/packages/92/08/95b458ce9c740d0645feb0e96cea1f5ec946ea9c580a94adfe0b617f3573/charset_normalizer-3.4.2-cp313-cp313-musllinux_1_2_s390x.whl", hash = "sha256:289200a18fa698949d2b39c671c2cc7a24d44096784e76614899a7ccf2574b7b", size = 154174 },
    { url = "https://files.pythonhosted.org/packages/78/be/8392efc43487ac051eee6c36d5fbd63032d78f7728cb37aebcc98191f1ff/charset_normalizer-3.4.2-cp313-cp313-musllinux_1_2_x86_64.whl", hash = "sha256:4a476b06fbcf359ad25d34a057b7219281286ae2477cc5ff5e3f70a246971148", size = 149166 },
    { url = "https://files.pythonhosted.org/packages/44/96/392abd49b094d30b91d9fbda6a69519e95802250b777841cf3bda8fe136c/charset_normalizer-3.4.2-cp313-cp313-win32.whl", hash = "sha256:aaeeb6a479c7667fbe1099af9617c83aaca22182d6cf8c53966491a0f1b7ffb7", size = 98064 },
    { url = "https://files.pythonhosted.org/packages/e9/b0/0200da600134e001d91851ddc797809e2fe0ea72de90e09bec5a2fbdaccb/charset_normalizer-3.4.2-cp313-cp313-win_amd64.whl", hash = "sha256:aa6af9e7d59f9c12b33ae4e9450619cf2488e2bbe9b44030905877f0b2324980", size = 105641 },
    { url = "https://files.pythonhosted.org/packages/20/94/c5790835a017658cbfabd07f3bfb549140c3ac458cfc196323996b10095a/charset_normalizer-3.4.2-py3-none-any.whl", hash = "sha256:7f56930ab0abd1c45cd15be65cc741c28b1c9a34876ce8c17a2fa107810c0af0", size = 52626 },
]

[[package]]
name = "coverage"
version = "7.10.4"
source = { registry = "https://pypi.org/simple" }
sdist = { url = "https://files.pythonhosted.org/packages/d6/4e/08b493f1f1d8a5182df0044acc970799b58a8d289608e0d891a03e9d269a/coverage-7.10.4.tar.gz", hash = "sha256:25f5130af6c8e7297fd14634955ba9e1697f47143f289e2a23284177c0061d27", size = 823798 }
wheels = [
    { url = "https://files.pythonhosted.org/packages/46/b0/4a3662de81f2ed792a4e425d59c4ae50d8dd1d844de252838c200beed65a/coverage-7.10.4-cp313-cp313-macosx_10_13_x86_64.whl", hash = "sha256:2b8e1d2015d5dfdbf964ecef12944c0c8c55b885bb5c0467ae8ef55e0e151233", size = 216735 },
    { url = "https://files.pythonhosted.org/packages/c5/e8/e2dcffea01921bfffc6170fb4406cffb763a3b43a047bbd7923566708193/coverage-7.10.4-cp313-cp313-macosx_11_0_arm64.whl", hash = "sha256:25735c299439018d66eb2dccf54f625aceb78645687a05f9f848f6e6c751e169", size = 216982 },
    { url = "https://files.pythonhosted.org/packages/9d/59/cc89bb6ac869704d2781c2f5f7957d07097c77da0e8fdd4fd50dbf2ac9c0/coverage-7.10.4-cp313-cp313-manylinux1_i686.manylinux_2_28_i686.manylinux_2_5_i686.whl", hash = "sha256:715c06cb5eceac4d9b7cdf783ce04aa495f6aff657543fea75c30215b28ddb74", size = 247981 },
    { url = "https://files.pythonhosted.org/packages/aa/23/3da089aa177ceaf0d3f96754ebc1318597822e6387560914cc480086e730/coverage-7.10.4-cp313-cp313-manylinux1_x86_64.manylinux_2_28_x86_64.manylinux_2_5_x86_64.whl", hash = "sha256:e017ac69fac9aacd7df6dc464c05833e834dc5b00c914d7af9a5249fcccf07ef", size = 250584 },
    { url = "https://files.pythonhosted.org/packages/ad/82/e8693c368535b4e5fad05252a366a1794d481c79ae0333ed943472fd778d/coverage-7.10.4-cp313-cp313-manylinux2014_aarch64.manylinux_2_17_aarch64.manylinux_2_28_aarch64.whl", hash = "sha256:bad180cc40b3fccb0f0e8c702d781492654ac2580d468e3ffc8065e38c6c2408", size = 251856 },
    { url = "https://files.pythonhosted.org/packages/56/19/8b9cb13292e602fa4135b10a26ac4ce169a7fc7c285ff08bedd42ff6acca/coverage-7.10.4-cp313-cp313-musllinux_1_2_aarch64.whl", hash = "sha256:becbdcd14f685fada010a5f792bf0895675ecf7481304fe159f0cd3f289550bd", size = 250015 },
    { url = "https://files.pythonhosted.org/packages/10/e7/e5903990ce089527cf1c4f88b702985bd65c61ac245923f1ff1257dbcc02/coverage-7.10.4-cp313-cp313-musllinux_1_2_i686.whl", hash = "sha256:0b485ca21e16a76f68060911f97ebbe3e0d891da1dbbce6af7ca1ab3f98b9097", size = 247908 },
    { url = "https://files.pythonhosted.org/packages/dd/c9/7d464f116df1df7fe340669af1ddbe1a371fc60f3082ff3dc837c4f1f2ab/coverage-7.10.4-cp313-cp313-musllinux_1_2_x86_64.whl", hash = "sha256:6c1d098ccfe8e1e0a1ed9a0249138899948afd2978cbf48eb1cc3fcd38469690", size = 249525 },
    { url = "https://files.pythonhosted.org/packages/ce/42/722e0cdbf6c19e7235c2020837d4e00f3b07820fd012201a983238cc3a30/coverage-7.10.4-cp313-cp313-win32.whl", hash = "sha256:8630f8af2ca84b5c367c3df907b1706621abe06d6929f5045fd628968d421e6e", size = 219173 },
    { url = "https://files.pythonhosted.org/packages/97/7e/aa70366f8275955cd51fa1ed52a521c7fcebcc0fc279f53c8c1ee6006dfe/coverage-7.10.4-cp313-cp313-win_amd64.whl", hash = "sha256:f68835d31c421736be367d32f179e14ca932978293fe1b4c7a6a49b555dff5b2", size = 219969 },
    { url = "https://files.pythonhosted.org/packages/ac/96/c39d92d5aad8fec28d4606556bfc92b6fee0ab51e4a548d9b49fb15a777c/coverage-7.10.4-cp313-cp313-win_arm64.whl", hash = "sha256:6eaa61ff6724ca7ebc5326d1fae062d85e19b38dd922d50903702e6078370ae7", size = 218601 },
    { url = "https://files.pythonhosted.org/packages/79/13/34d549a6177bd80fa5db758cb6fd3057b7ad9296d8707d4ab7f480b0135f/coverage-7.10.4-cp313-cp313t-macosx_10_13_x86_64.whl", hash = "sha256:702978108876bfb3d997604930b05fe769462cc3000150b0e607b7b444f2fd84", size = 217445 },
    { url = "https://files.pythonhosted.org/packages/6a/c0/433da866359bf39bf595f46d134ff2d6b4293aeea7f3328b6898733b0633/coverage-7.10.4-cp313-cp313t-macosx_11_0_arm64.whl", hash = "sha256:e8f978e8c5521d9c8f2086ac60d931d583fab0a16f382f6eb89453fe998e2484", size = 217676 },
    { url = "https://files.pythonhosted.org/packages/7e/d7/2b99aa8737f7801fd95222c79a4ebc8c5dd4460d4bed7ef26b17a60c8d74/coverage-7.10.4-cp313-cp313t-manylinux1_i686.manylinux_2_28_i686.manylinux_2_5_i686.whl", hash = "sha256:df0ac2ccfd19351411c45e43ab60932b74472e4648b0a9edf6a3b58846e246a9", size = 259002 },
    { url = "https://files.pythonhosted.org/packages/08/cf/86432b69d57debaef5abf19aae661ba8f4fcd2882fa762e14added4bd334/coverage-7.10.4-cp313-cp313t-manylinux1_x86_64.manylinux_2_28_x86_64.manylinux_2_5_x86_64.whl", hash = "sha256:73a0d1aaaa3796179f336448e1576a3de6fc95ff4f07c2d7251d4caf5d18cf8d", size = 261178 },
    { url = "https://files.pythonhosted.org/packages/23/78/85176593f4aa6e869cbed7a8098da3448a50e3fac5cb2ecba57729a5220d/coverage-7.10.4-cp313-cp313t-manylinux2014_aarch64.manylinux_2_17_aarch64.manylinux_2_28_aarch64.whl", hash = "sha256:873da6d0ed6b3ffc0bc01f2c7e3ad7e2023751c0d8d86c26fe7322c314b031dc", size = 263402 },
    { url = "https://files.pythonhosted.org/packages/88/1d/57a27b6789b79abcac0cc5805b31320d7a97fa20f728a6a7c562db9a3733/coverage-7.10.4-cp313-cp313t-musllinux_1_2_aarch64.whl", hash = "sha256:c6446c75b0e7dda5daa876a1c87b480b2b52affb972fedd6c22edf1aaf2e00ec", size = 260957 },
    { url = "https://files.pythonhosted.org/packages/fa/e5/3e5ddfd42835c6def6cd5b2bdb3348da2e34c08d9c1211e91a49e9fd709d/coverage-7.10.4-cp313-cp313t-musllinux_1_2_i686.whl", hash = "sha256:6e73933e296634e520390c44758d553d3b573b321608118363e52113790633b9", size = 258718 },
    { url = "https://files.pythonhosted.org/packages/1a/0b/d364f0f7ef111615dc4e05a6ed02cac7b6f2ac169884aa57faeae9eb5fa0/coverage-7.10.4-cp313-cp313t-musllinux_1_2_x86_64.whl", hash = "sha256:52073d4b08d2cb571234c8a71eb32af3c6923149cf644a51d5957ac128cf6aa4", size = 259848 },
    { url = "https://files.pythonhosted.org/packages/10/c6/bbea60a3b309621162e53faf7fac740daaf083048ea22077418e1ecaba3f/coverage-7.10.4-cp313-cp313t-win32.whl", hash = "sha256:e24afb178f21f9ceb1aefbc73eb524769aa9b504a42b26857243f881af56880c", size = 219833 },
    { url = "https://files.pythonhosted.org/packages/44/a5/f9f080d49cfb117ddffe672f21eab41bd23a46179a907820743afac7c021/coverage-7.10.4-cp313-cp313t-win_amd64.whl", hash = "sha256:be04507ff1ad206f4be3d156a674e3fb84bbb751ea1b23b142979ac9eebaa15f", size = 220897 },
    { url = "https://files.pythonhosted.org/packages/46/89/49a3fc784fa73d707f603e586d84a18c2e7796707044e9d73d13260930b7/coverage-7.10.4-cp313-cp313t-win_arm64.whl", hash = "sha256:f3e3ff3f69d02b5dad67a6eac68cc9c71ae343b6328aae96e914f9f2f23a22e2", size = 219160 },
    { url = "https://files.pythonhosted.org/packages/b5/22/525f84b4cbcff66024d29f6909d7ecde97223f998116d3677cfba0d115b5/coverage-7.10.4-cp314-cp314-macosx_10_13_x86_64.whl", hash = "sha256:a59fe0af7dd7211ba595cf7e2867458381f7e5d7b4cffe46274e0b2f5b9f4eb4", size = 216717 },
    { url = "https://files.pythonhosted.org/packages/a6/58/213577f77efe44333a416d4bcb251471e7f64b19b5886bb515561b5ce389/coverage-7.10.4-cp314-cp314-macosx_11_0_arm64.whl", hash = "sha256:3a6c35c5b70f569ee38dc3350cd14fdd0347a8b389a18bb37538cc43e6f730e6", size = 216994 },
    { url = "https://files.pythonhosted.org/packages/17/85/34ac02d0985a09472f41b609a1d7babc32df87c726c7612dc93d30679b5a/coverage-7.10.4-cp314-cp314-manylinux1_i686.manylinux_2_28_i686.manylinux_2_5_i686.whl", hash = "sha256:acb7baf49f513554c4af6ef8e2bd6e8ac74e6ea0c7386df8b3eb586d82ccccc4", size = 248038 },
    { url = "https://files.pythonhosted.org/packages/47/4f/2140305ec93642fdaf988f139813629cbb6d8efa661b30a04b6f7c67c31e/coverage-7.10.4-cp314-cp314-manylinux1_x86_64.manylinux_2_28_x86_64.manylinux_2_5_x86_64.whl", hash = "sha256:a89afecec1ed12ac13ed203238b560cbfad3522bae37d91c102e690b8b1dc46c", size = 250575 },
    { url = "https://files.pythonhosted.org/packages/f2/b5/41b5784180b82a083c76aeba8f2c72ea1cb789e5382157b7dc852832aea2/coverage-7.10.4-cp314-cp314-manylinux2014_aarch64.manylinux_2_17_aarch64.manylinux_2_28_aarch64.whl", hash = "sha256:480442727f464407d8ade6e677b7f21f3b96a9838ab541b9a28ce9e44123c14e", size = 251927 },
    { url = "https://files.pythonhosted.org/packages/78/ca/c1dd063e50b71f5aea2ebb27a1c404e7b5ecf5714c8b5301f20e4e8831ac/coverage-7.10.4-cp314-cp314-musllinux_1_2_aarch64.whl", hash = "sha256:a89bf193707f4a17f1ed461504031074d87f035153239f16ce86dfb8f8c7ac76", size = 249930 },
    { url = "https://files.pythonhosted.org/packages/8d/66/d8907408612ffee100d731798e6090aedb3ba766ecf929df296c1a7ee4fb/coverage-7.10.4-cp314-cp314-musllinux_1_2_i686.whl", hash = "sha256:3ddd912c2fc440f0fb3229e764feec85669d5d80a988ff1b336a27d73f63c818", size = 247862 },
    { url = "https://files.pythonhosted.org/packages/29/db/53cd8ec8b1c9c52d8e22a25434785bfc2d1e70c0cfb4d278a1326c87f741/coverage-7.10.4-cp314-cp314-musllinux_1_2_x86_64.whl", hash = "sha256:8a538944ee3a42265e61c7298aeba9ea43f31c01271cf028f437a7b4075592cf", size = 249360 },
    { url = "https://files.pythonhosted.org/packages/4f/75/5ec0a28ae4a0804124ea5a5becd2b0fa3adf30967ac656711fb5cdf67c60/coverage-7.10.4-cp314-cp314-win32.whl", hash = "sha256:fd2e6002be1c62476eb862b8514b1ba7e7684c50165f2a8d389e77da6c9a2ebd", size = 219449 },
    { url = "https://files.pythonhosted.org/packages/9d/ab/66e2ee085ec60672bf5250f11101ad8143b81f24989e8c0e575d16bb1e53/coverage-7.10.4-cp314-cp314-win_amd64.whl", hash = "sha256:ec113277f2b5cf188d95fb66a65c7431f2b9192ee7e6ec9b72b30bbfb53c244a", size = 220246 },
    { url = "https://files.pythonhosted.org/packages/37/3b/00b448d385f149143190846217797d730b973c3c0ec2045a7e0f5db3a7d0/coverage-7.10.4-cp314-cp314-win_arm64.whl", hash = "sha256:9744954bfd387796c6a091b50d55ca7cac3d08767795b5eec69ad0f7dbf12d38", size = 218825 },
    { url = "https://files.pythonhosted.org/packages/ee/2e/55e20d3d1ce00b513efb6fd35f13899e1c6d4f76c6cbcc9851c7227cd469/coverage-7.10.4-cp314-cp314t-macosx_10_13_x86_64.whl", hash = "sha256:5af4829904dda6aabb54a23879f0f4412094ba9ef153aaa464e3c1b1c9bc98e6", size = 217462 },
    { url = "https://files.pythonhosted.org/packages/47/b3/aab1260df5876f5921e2c57519e73a6f6eeacc0ae451e109d44ee747563e/coverage-7.10.4-cp314-cp314t-macosx_11_0_arm64.whl", hash = "sha256:7bba5ed85e034831fac761ae506c0644d24fd5594727e174b5a73aff343a7508", size = 217675 },
    { url = "https://files.pythonhosted.org/packages/67/23/1cfe2aa50c7026180989f0bfc242168ac7c8399ccc66eb816b171e0ab05e/coverage-7.10.4-cp314-cp314t-manylinux1_i686.manylinux_2_28_i686.manylinux_2_5_i686.whl", hash = "sha256:d57d555b0719834b55ad35045de6cc80fc2b28e05adb6b03c98479f9553b387f", size = 259176 },
    { url = "https://files.pythonhosted.org/packages/9d/72/5882b6aeed3f9de7fc4049874fd7d24213bf1d06882f5c754c8a682606ec/coverage-7.10.4-cp314-cp314t-manylinux1_x86_64.manylinux_2_28_x86_64.manylinux_2_5_x86_64.whl", hash = "sha256:ba62c51a72048bb1ea72db265e6bd8beaabf9809cd2125bbb5306c6ce105f214", size = 261341 },
    { url = "https://files.pythonhosted.org/packages/1b/70/a0c76e3087596ae155f8e71a49c2c534c58b92aeacaf4d9d0cbbf2dde53b/coverage-7.10.4-cp314-cp314t-manylinux2014_aarch64.manylinux_2_17_aarch64.manylinux_2_28_aarch64.whl", hash = "sha256:0acf0c62a6095f07e9db4ec365cc58c0ef5babb757e54745a1aa2ea2a2564af1", size = 263600 },
    { url = "https://files.pythonhosted.org/packages/cb/5f/27e4cd4505b9a3c05257fb7fc509acbc778c830c450cb4ace00bf2b7bda7/coverage-7.10.4-cp314-cp314t-musllinux_1_2_aarch64.whl", hash = "sha256:e1033bf0f763f5cf49ffe6594314b11027dcc1073ac590b415ea93463466deec", size = 261036 },
    { url = "https://files.pythonhosted.org/packages/02/d6/cf2ae3a7f90ab226ea765a104c4e76c5126f73c93a92eaea41e1dc6a1892/coverage-7.10.4-cp314-cp314t-musllinux_1_2_i686.whl", hash = "sha256:92c29eff894832b6a40da1789b1f252305af921750b03ee4535919db9179453d", size = 258794 },
    { url = "https://files.pythonhosted.org/packages/9e/b1/39f222eab0d78aa2001cdb7852aa1140bba632db23a5cfd832218b496d6c/coverage-7.10.4-cp314-cp314t-musllinux_1_2_x86_64.whl", hash = "sha256:822c4c830989c2093527e92acd97be4638a44eb042b1bdc0e7a278d84a070bd3", size = 259946 },
    { url = "https://files.pythonhosted.org/packages/74/b2/49d82acefe2fe7c777436a3097f928c7242a842538b190f66aac01f29321/coverage-7.10.4-cp314-cp314t-win32.whl", hash = "sha256:e694d855dac2e7cf194ba33653e4ba7aad7267a802a7b3fc4347d0517d5d65cd", size = 220226 },
    { url = "https://files.pythonhosted.org/packages/06/b0/afb942b6b2fc30bdbc7b05b087beae11c2b0daaa08e160586cf012b6ad70/coverage-7.10.4-cp314-cp314t-win_amd64.whl", hash = "sha256:efcc54b38ef7d5bfa98050f220b415bc5bb3d432bd6350a861cf6da0ede2cdcd", size = 221346 },
    { url = "https://files.pythonhosted.org/packages/d8/66/e0531c9d1525cb6eac5b5733c76f27f3053ee92665f83f8899516fea6e76/coverage-7.10.4-cp314-cp314t-win_arm64.whl", hash = "sha256:6f3a3496c0fa26bfac4ebc458747b778cff201c8ae94fa05e1391bab0dbc473c", size = 219368 },
    { url = "https://files.pythonhosted.org/packages/bb/78/983efd23200921d9edb6bd40512e1aa04af553d7d5a171e50f9b2b45d109/coverage-7.10.4-py3-none-any.whl", hash = "sha256:065d75447228d05121e5c938ca8f0e91eed60a1eb2d1258d42d5084fecfc3302", size = 208365 },
]

[[package]]
name = "dj-database-url"
version = "3.0.1"
source = { registry = "https://pypi.org/simple" }
dependencies = [
    { name = "django" },
]
sdist = { url = "https://files.pythonhosted.org/packages/75/05/2ec51009f4ce424877dbd8ad95868faec0c3494ed0ff1635f9ab53d9e0ee/dj_database_url-3.0.1.tar.gz", hash = "sha256:8994961efb888fc6bf8c41550870c91f6f7691ca751888ebaa71442b7f84eff8", size = 12556 }
wheels = [
    { url = "https://files.pythonhosted.org/packages/aa/5e/86a43c6fdaa41c12d58e4ff3ebbfd6b71a7cb0360a08614e3754ef2e9afb/dj_database_url-3.0.1-py3-none-any.whl", hash = "sha256:43950018e1eeea486bf11136384aec0fe55b29fe6fd8a44553231b85661d9383", size = 8808 },
]

[[package]]
name = "django"
version = "5.2.4"
source = { registry = "https://pypi.org/simple" }
dependencies = [
    { name = "asgiref" },
    { name = "sqlparse" },
    { name = "tzdata", marker = "sys_platform == 'win32'" },
]
sdist = { url = "https://files.pythonhosted.org/packages/9c/7e/034f0f9fb10c029a02daaf44d364d6bf2eced8c73f0d38c69da359d26b01/django-5.2.4.tar.gz", hash = "sha256:a1228c384f8fa13eebc015196db7b3e08722c5058d4758d20cb287503a540d8f", size = 10831909 }
wheels = [
    { url = "https://files.pythonhosted.org/packages/14/ae/706965237a672434c8b520e89a818e8b047af94e9beb342d0bee405c26c7/django-5.2.4-py3-none-any.whl", hash = "sha256:60c35bd96201b10c6e7a78121bd0da51084733efa303cc19ead021ab179cef5e", size = 8302187 },
]

[[package]]
name = "django-bootstrap5"
version = "25.1"
source = { registry = "https://pypi.org/simple" }
dependencies = [
    { name = "django" },
]
sdist = { url = "https://files.pythonhosted.org/packages/37/e3/1a52b8a5d2d85cbade624ec0de29a27b8a47df8859cb65e8425c3d4589df/django_bootstrap5-25.1.tar.gz", hash = "sha256:e81c77eb710356f94e426a51f4f469890d5720f5e7e53d650f4405d4cc94da04", size = 122024 }
wheels = [
    { url = "https://files.pythonhosted.org/packages/49/6b/e28da7dd51d94f00975ab9db3ceda8ea7cfac6b92b2323fc4db7871534d4/django_bootstrap5-25.1-py3-none-any.whl", hash = "sha256:964ad2d970d0495b030b86f31b33033dfdfe839a67b32ea599fa02eb39988ae7", size = 26404 },
]

[[package]]
name = "django-filter"
version = "25.1"
source = { registry = "https://pypi.org/simple" }
dependencies = [
    { name = "django" },
]
sdist = { url = "https://files.pythonhosted.org/packages/b5/40/c702a6fe8cccac9bf426b55724ebdf57d10a132bae80a17691d0cf0b9bac/django_filter-25.1.tar.gz", hash = "sha256:1ec9eef48fa8da1c0ac9b411744b16c3f4c31176c867886e4c48da369c407153", size = 143021 }
wheels = [
    { url = "https://files.pythonhosted.org/packages/07/a6/70dcd68537c434ba7cb9277d403c5c829caf04f35baf5eb9458be251e382/django_filter-25.1-py3-none-any.whl", hash = "sha256:4fa48677cf5857b9b1347fed23e355ea792464e0fe07244d1fdfb8a806215b80", size = 94114 },
]

[[package]]
name = "gunicorn"
version = "23.0.0"
source = { registry = "https://pypi.org/simple" }
dependencies = [
    { name = "packaging" },
]
sdist = { url = "https://files.pythonhosted.org/packages/34/72/9614c465dc206155d93eff0ca20d42e1e35afc533971379482de953521a4/gunicorn-23.0.0.tar.gz", hash = "sha256:f014447a0101dc57e294f6c18ca6b40227a4c90e9bdb586042628030cba004ec", size = 375031 }
wheels = [
    { url = "https://files.pythonhosted.org/packages/cb/7d/6dac2a6e1eba33ee43f318edbed4ff29151a49b5d37f080aad1e6469bca4/gunicorn-23.0.0-py3-none-any.whl", hash = "sha256:ec400d38950de4dfd418cff8328b2c8faed0edb0d517d3394e457c317908ca4d", size = 85029 },
]

[[package]]
name = "hexlet-code"
version = "0.1.0"
source = { editable = "." }
dependencies = [
    { name = "dj-database-url" },
    { name = "django" },
    { name = "django-bootstrap5" },
    { name = "django-filter" },
    { name = "gunicorn" },
    { name = "psycopg2-binary" },
    { name = "python-dotenv" },
    { name = "rollbar" },
    { name = "whitenoise" },
]

[package.dev-dependencies]
dev = [
    { name = "coverage" },
    { name = "ruff" },
]

[package.metadata]
requires-dist = [
    { name = "dj-database-url", specifier = ">=2.3.0" },
    { name = "django", specifier = ">=5.2" },
    { name = "django-bootstrap5", specifier = ">=25.1" },
    { name = "django-filter", specifier = ">=25.1" },
    { name = "gunicorn", specifier = ">=23.0.0" },
    { name = "psycopg2-binary", specifier = ">=2.9.10" },
    { name = "python-dotenv", specifier = ">=1.1.0" },
    { name = "rollbar", specifier = ">=1.3.0" },
    { name = "whitenoise", specifier = ">=6.9.0" },
]

[package.metadata.requires-dev]
dev = [
    { name = "coverage", specifier = ">=7.8.0" },
    { name = "ruff", specifier = ">=0.11.7" },
]

[[package]]
name = "idna"
version = "3.10"
source = { registry = "https://pypi.org/simple" }
sdist = { url = "https://files.pythonhosted.org/packages/f1/70/7703c29685631f5a7590aa73f1f1d3fa9a380e654b86af429e0934a32f7d/idna-3.10.tar.gz", hash = "sha256:12f65c9b470abda6dc35cf8e63cc574b1c52b11df2c86030af0ac09b01b13ea9", size = 190490 }
wheels = [
    { url = "https://files.pythonhosted.org/packages/76/c6/c88e154df9c4e1a2a66ccf0005a88dfb2650c1dffb6f5ce603dfbd452ce3/idna-3.10-py3-none-any.whl", hash = "sha256:946d195a0d259cbba61165e88e65941f16e9b36ea6ddb97f00452bae8b1287d3", size = 70442 },
]

[[package]]
name = "packaging"
version = "25.0"
source = { registry = "https://pypi.org/simple" }
sdist = { url = "https://files.pythonhosted.org/packages/a1/d4/1fc4078c65507b51b96ca8f8c3ba19e6a61c8253c72794544580a7b6c24d/packaging-25.0.tar.gz", hash = "sha256:d443872c98d677bf60f6a1f2f8c1cb748e8fe762d2bf9d3148b5599295b0fc4f", size = 165727 }
wheels = [
    { url = "https://files.pythonhosted.org/packages/20/12/38679034af332785aac8774540895e234f4d07f7545804097de4b666afd8/packaging-25.0-py3-none-any.whl", hash = "sha256:29572ef2b1f17581046b3a2227d5c611fb25ec70ca1ba8554b24b0e69331a484", size = 66469 },
]

[[package]]
name = "psycopg2-binary"
version = "2.9.10"
source = { registry = "https://pypi.org/simple" }
sdist = { url = "https://files.pythonhosted.org/packages/cb/0e/bdc8274dc0585090b4e3432267d7be4dfbfd8971c0fa59167c711105a6bf/psycopg2-binary-2.9.10.tar.gz", hash = "sha256:4b3df0e6990aa98acda57d983942eff13d824135fe2250e6522edaa782a06de2", size = 385764 }
wheels = [
    { url = "https://files.pythonhosted.org/packages/3e/30/d41d3ba765609c0763505d565c4d12d8f3c79793f0d0f044ff5a28bf395b/psycopg2_binary-2.9.10-cp313-cp313-macosx_12_0_x86_64.whl", hash = "sha256:26540d4a9a4e2b096f1ff9cce51253d0504dca5a85872c7f7be23be5a53eb18d", size = 3044699 },
    { url = "https://files.pythonhosted.org/packages/35/44/257ddadec7ef04536ba71af6bc6a75ec05c5343004a7ec93006bee66c0bc/psycopg2_binary-2.9.10-cp313-cp313-macosx_14_0_arm64.whl", hash = "sha256:e217ce4d37667df0bc1c397fdcd8de5e81018ef305aed9415c3b093faaeb10fb", size = 3275245 },
    { url = "https://files.pythonhosted.org/packages/1b/11/48ea1cd11de67f9efd7262085588790a95d9dfcd9b8a687d46caf7305c1a/psycopg2_binary-2.9.10-cp313-cp313-manylinux_2_17_aarch64.manylinux2014_aarch64.whl", hash = "sha256:245159e7ab20a71d989da00f280ca57da7641fa2cdcf71749c193cea540a74f7", size = 2851631 },
    { url = "https://files.pythonhosted.org/packages/62/e0/62ce5ee650e6c86719d621a761fe4bc846ab9eff8c1f12b1ed5741bf1c9b/psycopg2_binary-2.9.10-cp313-cp313-manylinux_2_17_i686.manylinux2014_i686.whl", hash = "sha256:3c4ded1a24b20021ebe677b7b08ad10bf09aac197d6943bfe6fec70ac4e4690d", size = 3082140 },
    { url = "https://files.pythonhosted.org/packages/27/ce/63f946c098611f7be234c0dd7cb1ad68b0b5744d34f68062bb3c5aa510c8/psycopg2_binary-2.9.10-cp313-cp313-manylinux_2_17_ppc64le.manylinux2014_ppc64le.whl", hash = "sha256:3abb691ff9e57d4a93355f60d4f4c1dd2d68326c968e7db17ea96df3c023ef73", size = 3264762 },
    { url = "https://files.pythonhosted.org/packages/43/25/c603cd81402e69edf7daa59b1602bd41eb9859e2824b8c0855d748366ac9/psycopg2_binary-2.9.10-cp313-cp313-manylinux_2_17_x86_64.manylinux2014_x86_64.whl", hash = "sha256:8608c078134f0b3cbd9f89b34bd60a943b23fd33cc5f065e8d5f840061bd0673", size = 3020967 },
    { url = "https://files.pythonhosted.org/packages/5f/d6/8708d8c6fca531057fa170cdde8df870e8b6a9b136e82b361c65e42b841e/psycopg2_binary-2.9.10-cp313-cp313-musllinux_1_2_aarch64.whl", hash = "sha256:230eeae2d71594103cd5b93fd29d1ace6420d0b86f4778739cb1a5a32f607d1f", size = 2872326 },
    { url = "https://files.pythonhosted.org/packages/ce/ac/5b1ea50fc08a9df82de7e1771537557f07c2632231bbab652c7e22597908/psycopg2_binary-2.9.10-cp313-cp313-musllinux_1_2_i686.whl", hash = "sha256:bb89f0a835bcfc1d42ccd5f41f04870c1b936d8507c6df12b7737febc40f0909", size = 2822712 },
    { url = "https://files.pythonhosted.org/packages/c4/fc/504d4503b2abc4570fac3ca56eb8fed5e437bf9c9ef13f36b6621db8ef00/psycopg2_binary-2.9.10-cp313-cp313-musllinux_1_2_ppc64le.whl", hash = "sha256:f0c2d907a1e102526dd2986df638343388b94c33860ff3bbe1384130828714b1", size = 2920155 },
    { url = "https://files.pythonhosted.org/packages/b2/d1/323581e9273ad2c0dbd1902f3fb50c441da86e894b6e25a73c3fda32c57e/psycopg2_binary-2.9.10-cp313-cp313-musllinux_1_2_x86_64.whl", hash = "sha256:f8157bed2f51db683f31306aa497311b560f2265998122abe1dce6428bd86567", size = 2959356 },
    { url = "https://files.pythonhosted.org/packages/08/50/d13ea0a054189ae1bc21af1d85b6f8bb9bbc5572991055d70ad9006fe2d6/psycopg2_binary-2.9.10-cp313-cp313-win_amd64.whl", hash = "sha256:27422aa5f11fbcd9b18da48373eb67081243662f9b46e6fd07c3eb46e4535142", size = 2569224 },
]

[[package]]
name = "python-dotenv"
version = "1.1.1"
source = { registry = "https://pypi.org/simple" }
sdist = { url = "https://files.pythonhosted.org/packages/f6/b0/4bc07ccd3572a2f9df7e6782f52b0c6c90dcbb803ac4a167702d7d0dfe1e/python_dotenv-1.1.1.tar.gz", hash = "sha256:a8a6399716257f45be6a007360200409fce5cda2661e3dec71d23dc15f6189ab", size = 41978 }
wheels = [
    { url = "https://files.pythonhosted.org/packages/5f/ed/539768cf28c661b5b068d66d96a2f155c4971a5d55684a514c1a0e0dec2f/python_dotenv-1.1.1-py3-none-any.whl", hash = "sha256:31f23644fe2602f88ff55e1f5c79ba497e01224ee7737937930c448e4d0e24dc", size = 20556 },
]

[[package]]
name = "requests"
version = "2.32.4"
source = { registry = "https://pypi.org/simple" }
dependencies = [
    { name = "certifi" },
    { name = "charset-normalizer" },
    { name = "idna" },
    { name = "urllib3" },
]
sdist = { url = "https://files.pythonhosted.org/packages/e1/0a/929373653770d8a0d7ea76c37de6e41f11eb07559b103b1c02cafb3f7cf8/requests-2.32.4.tar.gz", hash = "sha256:27d0316682c8a29834d3264820024b62a36942083d52caf2f14c0591336d3422", size = 135258 }
wheels = [
    { url = "https://files.pythonhosted.org/packages/7c/e4/56027c4a6b4ae70ca9de302488c5ca95ad4a39e190093d6c1a8ace08341b/requests-2.32.4-py3-none-any.whl", hash = "sha256:27babd3cda2a6d50b30443204ee89830707d396671944c998b5975b031ac2b2c", size = 64847 },
]

[[package]]
name = "rollbar"
version = "1.3.0"
source = { registry = "https://pypi.org/simple" }
dependencies = [
    { name = "requests" },
]
sdist = { url = "https://files.pythonhosted.org/packages/d2/43/966a7d64ff2c0901451aa2fcbe205a68528b6c6fbac6760b5ad5a705a944/rollbar-1.3.0.tar.gz", hash = "sha256:519402eac39bcc4fa484821872f6bb18497fb7b6c81167047867d17714d3b379", size = 85300 }
wheels = [
    { url = "https://files.pythonhosted.org/packages/c3/d2/b6bf3f24349bc3bc681522fa8c55271923614b47e5e9d923f443523de81a/rollbar-1.3.0-py3-none-any.whl", hash = "sha256:d800c4265a4d5aae547cb3f29e48414b6d4fedaa7f679cd0fd64dac16a1eded3", size = 117183 },
]

[[package]]
name = "ruff"
version = "0.12.1"
source = { registry = "https://pypi.org/simple" }
sdist = { url = "https://files.pythonhosted.org/packages/97/38/796a101608a90494440856ccfb52b1edae90de0b817e76bfade66b12d320/ruff-0.12.1.tar.gz", hash = "sha256:806bbc17f1104fd57451a98a58df35388ee3ab422e029e8f5cf30aa4af2c138c", size = 4413426 }
wheels = [
    { url = "https://files.pythonhosted.org/packages/06/bf/3dba52c1d12ab5e78d75bd78ad52fb85a6a1f29cc447c2423037b82bed0d/ruff-0.12.1-py3-none-linux_armv6l.whl", hash = "sha256:6013a46d865111e2edb71ad692fbb8262e6c172587a57c0669332a449384a36b", size = 10305649 },
    { url = "https://files.pythonhosted.org/packages/8c/65/dab1ba90269bc8c81ce1d499a6517e28fe6f87b2119ec449257d0983cceb/ruff-0.12.1-py3-none-macosx_10_12_x86_64.whl", hash = "sha256:b3f75a19e03a4b0757d1412edb7f27cffb0c700365e9d6b60bc1b68d35bc89e0", size = 11120201 },
    { url = "https://files.pythonhosted.org/packages/3f/3e/2d819ffda01defe857fa2dd4cba4d19109713df4034cc36f06bbf582d62a/ruff-0.12.1-py3-none-macosx_11_0_arm64.whl", hash = "sha256:9a256522893cb7e92bb1e1153283927f842dea2e48619c803243dccc8437b8be", size = 10466769 },
    { url = "https://files.pythonhosted.org/packages/63/37/bde4cf84dbd7821c8de56ec4ccc2816bce8125684f7b9e22fe4ad92364de/ruff-0.12.1-py3-none-manylinux_2_17_aarch64.manylinux2014_aarch64.whl", hash = "sha256:069052605fe74c765a5b4272eb89880e0ff7a31e6c0dbf8767203c1fbd31c7ff", size = 10660902 },
    { url = "https://files.pythonhosted.org/packages/0e/3a/390782a9ed1358c95e78ccc745eed1a9d657a537e5c4c4812fce06c8d1a0/ruff-0.12.1-py3-none-manylinux_2_17_armv7l.manylinux2014_armv7l.whl", hash = "sha256:a684f125a4fec2d5a6501a466be3841113ba6847827be4573fddf8308b83477d", size = 10167002 },
    { url = "https://files.pythonhosted.org/packages/6d/05/f2d4c965009634830e97ffe733201ec59e4addc5b1c0efa035645baa9e5f/ruff-0.12.1-py3-none-manylinux_2_17_i686.manylinux2014_i686.whl", hash = "sha256:bdecdef753bf1e95797593007569d8e1697a54fca843d78f6862f7dc279e23bd", size = 11751522 },
    { url = "https://files.pythonhosted.org/packages/35/4e/4bfc519b5fcd462233f82fc20ef8b1e5ecce476c283b355af92c0935d5d9/ruff-0.12.1-py3-none-manylinux_2_17_ppc64.manylinux2014_ppc64.whl", hash = "sha256:70d52a058c0e7b88b602f575d23596e89bd7d8196437a4148381a3f73fcd5010", size = 12520264 },
    { url = "https://files.pythonhosted.org/packages/85/b2/7756a6925da236b3a31f234b4167397c3e5f91edb861028a631546bad719/ruff-0.12.1-py3-none-manylinux_2_17_ppc64le.manylinux2014_ppc64le.whl", hash = "sha256:84d0a69d1e8d716dfeab22d8d5e7c786b73f2106429a933cee51d7b09f861d4e", size = 12133882 },
    { url = "https://files.pythonhosted.org/packages/dd/00/40da9c66d4a4d51291e619be6757fa65c91b92456ff4f01101593f3a1170/ruff-0.12.1-py3-none-manylinux_2_17_s390x.manylinux2014_s390x.whl", hash = "sha256:6cc32e863adcf9e71690248607ccdf25252eeeab5193768e6873b901fd441fed", size = 11608941 },
    { url = "https://files.pythonhosted.org/packages/91/e7/f898391cc026a77fbe68dfea5940f8213622474cb848eb30215538a2dadf/ruff-0.12.1-py3-none-manylinux_2_17_x86_64.manylinux2014_x86_64.whl", hash = "sha256:7fd49a4619f90d5afc65cf42e07b6ae98bb454fd5029d03b306bd9e2273d44cc", size = 11602887 },
    { url = "https://files.pythonhosted.org/packages/f6/02/0891872fc6aab8678084f4cf8826f85c5d2d24aa9114092139a38123f94b/ruff-0.12.1-py3-none-musllinux_1_2_aarch64.whl", hash = "sha256:ed5af6aaaea20710e77698e2055b9ff9b3494891e1b24d26c07055459bb717e9", size = 10521742 },
    { url = "https://files.pythonhosted.org/packages/2a/98/d6534322c74a7d47b0f33b036b2498ccac99d8d8c40edadb552c038cecf1/ruff-0.12.1-py3-none-musllinux_1_2_armv7l.whl", hash = "sha256:801d626de15e6bf988fbe7ce59b303a914ff9c616d5866f8c79eb5012720ae13", size = 10149909 },
    { url = "https://files.pythonhosted.org/packages/34/5c/9b7ba8c19a31e2b6bd5e31aa1e65b533208a30512f118805371dbbbdf6a9/ruff-0.12.1-py3-none-musllinux_1_2_i686.whl", hash = "sha256:2be9d32a147f98a1972c1e4df9a6956d612ca5f5578536814372113d09a27a6c", size = 11136005 },
    { url = "https://files.pythonhosted.org/packages/dc/34/9bbefa4d0ff2c000e4e533f591499f6b834346025e11da97f4ded21cb23e/ruff-0.12.1-py3-none-musllinux_1_2_x86_64.whl", hash = "sha256:49b7ce354eed2a322fbaea80168c902de9504e6e174fd501e9447cad0232f9e6", size = 11648579 },
    { url = "https://files.pythonhosted.org/packages/6f/1c/20cdb593783f8f411839ce749ec9ae9e4298c2b2079b40295c3e6e2089e1/ruff-0.12.1-py3-none-win32.whl", hash = "sha256:d973fa626d4c8267848755bd0414211a456e99e125dcab147f24daa9e991a245", size = 10519495 },
    { url = "https://files.pythonhosted.org/packages/cf/56/7158bd8d3cf16394928f47c637d39a7d532268cd45220bdb6cd622985760/ruff-0.12.1-py3-none-win_amd64.whl", hash = "sha256:9e1123b1c033f77bd2590e4c1fe7e8ea72ef990a85d2484351d408224d603013", size = 11547485 },
    { url = "https://files.pythonhosted.org/packages/91/d0/6902c0d017259439d6fd2fd9393cea1cfe30169940118b007d5e0ea7e954/ruff-0.12.1-py3-none-win_arm64.whl", hash = "sha256:78ad09a022c64c13cc6077707f036bab0fac8cd7088772dcd1e5be21c5002efc", size = 10691209 },
]

[[package]]
name = "sqlparse"
version = "0.5.3"
source = { registry = "https://pypi.org/simple" }
sdist = { url = "https://files.pythonhosted.org/packages/e5/40/edede8dd6977b0d3da179a342c198ed100dd2aba4be081861ee5911e4da4/sqlparse-0.5.3.tar.gz", hash = "sha256:09f67787f56a0b16ecdbde1bfc7f5d9c3371ca683cfeaa8e6ff60b4807ec9272", size = 84999 }
wheels = [
    { url = "https://files.pythonhosted.org/packages/a9/5c/bfd6bd0bf979426d405cc6e71eceb8701b148b16c21d2dc3c261efc61c7b/sqlparse-0.5.3-py3-none-any.whl", hash = "sha256:cf2196ed3418f3ba5de6af7e82c694a9fbdbfecccdfc72e281548517081f16ca", size = 44415 },
]

[[package]]
name = "tzdata"
version = "2025.2"
source = { registry = "https://pypi.org/simple" }
sdist = { url = "https://files.pythonhosted.org/packages/95/32/1a225d6164441be760d75c2c42e2780dc0873fe382da3e98a2e1e48361e5/tzdata-2025.2.tar.gz", hash = "sha256:b60a638fcc0daffadf82fe0f57e53d06bdec2f36c4df66280ae79bce6bd6f2b9", size = 196380 }
wheels = [
    { url = "https://files.pythonhosted.org/packages/5c/23/c7abc0ca0a1526a0774eca151daeb8de62ec457e77262b66b359c3c7679e/tzdata-2025.2-py2.py3-none-any.whl", hash = "sha256:1a403fada01ff9221ca8044d701868fa132215d84beb92242d9acd2147f667a8", size = 347839 },
]

[[package]]
name = "urllib3"
version = "2.5.0"
source = { registry = "https://pypi.org/simple" }
sdist = { url = "https://files.pythonhosted.org/packages/15/22/9ee70a2574a4f4599c47dd506532914ce044817c7752a79b6a51286319bc/urllib3-2.5.0.tar.gz", hash = "sha256:3fc47733c7e419d4bc3f6b3dc2b4f890bb743906a30d56ba4a5bfa4bbff92760", size = 393185 }
wheels = [
    { url = "https://files.pythonhosted.org/packages/a7/c2/fe1e52489ae3122415c51f387e221dd0773709bad6c6cdaa599e8a2c5185/urllib3-2.5.0-py3-none-any.whl", hash = "sha256:e6b01673c0fa6a13e374b50871808eb3bf7046c4b125b216f6bf1cc604cff0dc", size = 129795 },
]

[[package]]
name = "whitenoise"
version = "6.9.0"
source = { registry = "https://pypi.org/simple" }
sdist = { url = "https://files.pythonhosted.org/packages/b9/cf/c15c2f21aee6b22a9f6fc9be3f7e477e2442ec22848273db7f4eb73d6162/whitenoise-6.9.0.tar.gz", hash = "sha256:8c4a7c9d384694990c26f3047e118c691557481d624f069b7f7752a2f735d609", size = 25920 }
wheels = [
    { url = "https://files.pythonhosted.org/packages/64/b2/2ce9263149fbde9701d352bda24ea1362c154e196d2fda2201f18fc585d7/whitenoise-6.9.0-py3-none-any.whl", hash = "sha256:c8a489049b7ee9889617bb4c274a153f3d979e8f51d2efd0f5b403caf41c57df", size = 20161 },
]
